
Microsoft Visual Studio Solution File, Format Version 12.00
# Visual Studio 14
VisualStudioVersion = 14.0.25123.0
MinimumVisualStudioVersion = 10.0.40219.1
Project("{FAE04EC0-301F-11D3-BF4B-00C04F79EFBC}") = "Task_Book", "Task_Book\Task_Book.csproj", "{D240562A-785B-42E9-89A3-94DAE5AAAEA0}"
EndProject
Project("{FAE04EC0-301F-11D3-BF4B-00C04F79EFBC}") = "Task_Book.Test", "Task_Book.Test\Task_Book.Test.csproj", "{36095E36-8FFD-421E-B712-456D550E2617}"
EndProject
Project("{FAE04EC0-301F-11D3-BF4B-00C04F79EFBC}") = "Task_Shape", "Task_Shape\Task_Shape.csproj", "{A2D93622-8FE5-426F-BC95-34FA6550048D}"
EndProject
Global
	GlobalSection(SolutionConfigurationPlatforms) = preSolution
		Debug|Any CPU = Debug|Any CPU
		Release|Any CPU = Release|Any CPU
	EndGlobalSection
	GlobalSection(ProjectConfigurationPlatforms) = postSolution
		{D240562A-785B-42E9-89A3-94DAE5AAAEA0}.Debug|Any CPU.ActiveCfg = Debug|Any CPU
		{D240562A-785B-42E9-89A3-94DAE5AAAEA0}.Debug|Any CPU.Build.0 = Debug|Any CPU
		{D240562A-785B-42E9-89A3-94DAE5AAAEA0}.Release|Any CPU.ActiveCfg = Release|Any CPU
		{D240562A-785B-42E9-89A3-94DAE5AAAEA0}.Release|Any CPU.Build.0 = Release|Any CPU
		{36095E36-8FFD-421E-B712-456D550E2617}.Debug|Any CPU.ActiveCfg = Debug|Any CPU
		{36095E36-8FFD-421E-B712-456D550E2617}.Debug|Any CPU.Build.0 = Debug|Any CPU
		{36095E36-8FFD-421E-B712-456D550E2617}.Release|Any CPU.ActiveCfg = Release|Any CPU
		{36095E36-8FFD-421E-B712-456D550E2617}.Release|Any CPU.Build.0 = Release|Any CPU
		{A2D93622-8FE5-426F-BC95-34FA6550048D}.Debug|Any CPU.ActiveCfg = Debug|Any CPU
		{A2D93622-8FE5-426F-BC95-34FA6550048D}.Debug|Any CPU.Build.0 = Debug|Any CPU
		{A2D93622-8FE5-426F-BC95-34FA6550048D}.Release|Any CPU.ActiveCfg = Release|Any CPU
		{A2D93622-8FE5-426F-BC95-34FA6550048D}.Release|Any CPU.Build.0 = Release|Any CPU
	EndGlobalSection
	GlobalSection(SolutionProperties) = preSolution
		HideSolutionNode = FALSE
	EndGlobalSection
EndGlobal
